github.com/godoes/winseq v0.0.4 h1:p3QsAFtRnwWSGBXEZkhorKVLR1CvjMdbCSDHaQfuwAk=
github.com/godoes/winseq v0.0.4/go.mod h1:TUXrFaZi3nHfdUyGIm2lMz4JH/GdSfCpiqoIAdciums=
golang.org/x/sys v0.9.0 h1:KS/R3tvhPqvJvwcKfnBHJwwthS11LRhmM5D59eEXa0s=
golang.org/x/sys v0.9.0/go.mod h1:oPkhp1MJrh7nUepCBck5+mAzfO9JrbApNNgaTdGDITg=
